// !$*UTF8*$!
{
	archiveVersion = 1;
	classes = {
	};
	objectVersion = 50;
	objects = {

/* Begin PBXBuildFile section */
		A71B5B7828D6F0B9008C0413 /* AppDelegate.swift in Sources */ = {isa = PBXBuildFile; fileRef = A71B5B7728D6F0B9008C0413 /* AppDelegate.swift */; };
		A71B5B7A28D6F0B9008C0413 /* SceneDelegate.swift in Sources */ = {isa = PBXBuildFile; fileRef = A71B5B7928D6F0B9008C0413 /* SceneDelegate.swift */; };
		A71B5B7C28D6F0B9008C0413 /* ViewController.swift in Sources */ = {isa = PBXBuildFile; fileRef = A71B5B7B28D6F0B9008C0413 /* ViewController.swift */; };
		A71B5B7F28D6F0B9008C0413 /* Main.storyboard in Resources */ = {isa = PBXBuildFile; fileRef = A71B5B7D28D6F0B9008C0413 /* Main.storyboard */; };
		A71B5B8128D6F0BB008C0413 /* Assets.xcassets in Resources */ = {isa = PBXBuildFile; fileRef = A71B5B8028D6F0BB008C0413 /* Assets.xcassets */; };
		A71B5B8428D6F0BB008C0413 /* LaunchScreen.storyboard in Resources */ = {isa = PBXBuildFile; fileRef = A71B5B8228D6F0BB008C0413 /* LaunchScreen.storyboard */; };
		A71B5B8F28D6F0BB008C0413 /* secondHackwhichTwoTests.swift in Sources */ = {isa = PBXBuildFile; fileRef = A71B5B8E28D6F0BB008C0413 /* secondHackwhichTwoTests.swift */; };
		A71B5B9A28D6F0BB008C0413 /* secondHackwhichTwoUITests.swift in Sources */ = {isa = PBXBuildFile; fileRef = A71B5B9928D6F0BB008C0413 /* secondHackwhichTwoUITests.swift */; };
/* End PBXBuildFile section */

/* Begin PBXContainerItemProxy section */
		A71B5B8B28D6F0BB008C0413 /* PBXContainerItemProxy */ = {
			isa = PBXContainerItemProxy;
			containerPortal = A71B5B6C28D6F0B9008C0413 /* Project object */;
			proxyType = 1;
			remoteGlobalIDString = A71B5B7328D6F0B9008C0413;
			remoteInfo = secondHackwhichTwo;
		};
		A71B5B9628D6F0BB008C0413 /* PBXContainerItemProxy */ = {
			isa = PBXContainerItemProxy;
			containerPortal = A71B5B6C28D6F0B9008C0413 /* Project object */;
			proxyType = 1;
			remoteGlobalIDString = A71B5B7328D6F0B9008C0413;
			remoteInfo = secondHackwhichTwo;
		};
/* End PBXContainerItemProxy section */

/* Begin PBXFileReference section */
		A71B5B7428D6F0B9008C0413 /* secondHackwhichTwo.app */ = {isa = PBXFileReference; explicitFileType = wrapper.application; includeInIndex = 0; path = secondHackwhichTwo.app; sourceTree = BUILT_PRODUCTS_DIR; };
		A71B5B7728D6F0B9008C0413 /* AppDelegate.swift */ = {isa = PBXFileReference; lastKnownFileType = sourcecode.swift; path = AppDelegate.swift; sourceTree = "<group>"; };
		A71B5B7928D6F0B9008C0413 /* SceneDelegate.swift */ = {isa = PBXFileReference; lastKnownFileType = sourcecode.swift; path = SceneDelegate.swift; sourceTree = "<group>"; };
		A71B5B7B28D6F0B9008C0413 /* ViewController.swift */ = {isa = PBXFileReference; lastKnownFileType = sourcecode.swift; path = ViewController.swift; sourceTree = "<group>"; };
		A71B5B7E28D6F0B9008C0413 /* Base */ = {isa = PBXFileReference; lastKnownFileType = file.storyboard; name = Base; path = Base.lproj/Main.storyboard; sourceTree = "<group>"; };
		A71B5B8028D6F0BB008C0413 /* Assets.xcassets */ = {isa = PBXFileReference; lastKnownFileType = folder.assetcatalog; path = Assets.xcassets; sourceTree = "<group>"; };
		A71B5B8328D6F0BB008C0413 /* Base */ = {isa = PBXFileReference; lastKnownFileType = file.storyboard; name = Base; path = Base.lproj/LaunchScreen.storyboard; sourceTree = "<group>"; };
		A71B5B8528D6F0BB008C0413 /* Info.plist */ = {isa = PBXFileReference; lastKnownFileType = text.plist.xml; path = Info.plist; sourceTree = "<group>"; };
		A71B5B8A28D6F0BB008C0413 /* secondHackwhichTwoTests.xctest */ = {isa = PBXFileReference; explicitFileType = wrapper.cfbundle; includeInIndex = 0; path = secondHackwhichTwoTests.xctest; sourceTree = BUILT_PRODUCTS_DIR; };
		A71B5B8E28D6F0BB008C0413 /* secondHackwhichTwoTests.swift */ = {isa = PBXFileReference; lastKnownFileType = sourcecode.swift; path = secondHackwhichTwoTests.swift; sourceTree = "<group>"; };
		A71B5B9028D6F0BB008C0413 /* Info.plist */ = {isa = PBXFileReference; lastKnownFileType = text.plist.xml; path = Info.plist; sourceTree = "<group>"; };
		A71B5B9528D6F0BB008C0413 /* secondHackwhichTwoUITests.xctest */ = {isa = PBXFileReference; explicitFileType = wrapper.cfbundle; includeInIndex = 0; path = secondHackwhichTwoUITests.xctest; sourceTree = BUILT_PRODUCTS_DIR; };
		A71B5B9928D6F0BB008C0413 /* secondHackwhichTwoUITests.swift */ = {isa = PBXFileReference; lastKnownFileType = sourcecode.swift; path = secondHackwhichTwoUITests.swift; sourceTree = "<group>"; };
		A71B5B9B28D6F0BB008C0413 /* Info.plist */ = {isa = PBXFileReference; lastKnownFileType = text.plist.xml; path = Info.plist; sourceTree = "<group>"; };
/* End PBXFileReference section */

/* Begin PBXFrameworksBuildPhase section */
		A71B5B7128D6F0B9008C0413 /* Frameworks */ = {
			isa = PBXFrameworksBuildPhase;
			buildActionMask = 2147483647;
			files = (
			);
			runOnlyForDeploymentPostprocessing = 0;
		};
		A71B5B8728D6F0BB008C0413 /* Frameworks */ = {
			isa = PBXFrameworksBuildPhase;
			buildActionMask = 2147483647;
			files = (
			);
			runOnlyForDeploymentPostprocessing = 0;
		};
		A71B5B9228D6F0BB008C0413 /* Frameworks */ = {
			isa = PBXFrameworksBuildPhase;
			buildActionMask = 2147483647;
			files = (
			);
			runOnlyForDeploymentPostprocessing = 0;
		};
/* End PBXFrameworksBuildPhase section */

/* Begin PBXGroup section */
		A71B5B6B28D6F0B9008C0413 = {
			isa = PBXGroup;
			children = (
				A71B5B7628D6F0B9008C0413 /* secondHackwhichTwo */,
				A71B5B8D28D6F0BB008C0413 /* secondHackwhichTwoTests */,
				A71B5B9828D6F0BB008C0413 /* secondHackwhichTwoUITests */,
				A71B5B7528D6F0B9008C0413 /* Products */,
			);
			sourceTree = "<group>";
		};
		A71B5B7528D6F0B9008C0413 /* Products */ = {
			isa = PBXGroup;
			children = (
				A71B5B7428D6F0B9008C0413 /* secondHackwhichTwo.app */,
				A71B5B8A28D6F0BB008C0413 /* secondHackwhichTwoTests.xctest */,
				A71B5B9528D6F0BB008C0413 /* secondHackwhichTwoUITests.xctest */,
			);
			name = Products;
			sourceTree = "<group>";
		};
		A71B5B7628D6F0B9008C0413 /* secondHackwhichTwo */ = {
			isa = PBXGroup;
			children = (
				A71B5B7728D6F0B9008C0413 /* AppDelegate.swift */,
				A71B5B7928D6F0B9008C0413 /* SceneDelegate.swift */,
				A71B5B7B28D6F0B9008C0413 /* ViewController.swift */,
				A71B5B7D28D6F0B9008C0413 /* Main.storyboard */,
				A71B5B8028D6F0BB008C0413 /* Assets.xcassets */,
				A71B5B8228D6F0BB008C0413 /* LaunchScreen.storyboard */,
				A71B5B8528D6F0BB008C0413 /* Info.plist */,
			);
			path = secondHackwhichTwo;
			sourceTree = "<group>";
		};
		A71B5B8D28D6F0BB008C0413 /* secondHackwhichTwoTests */ = {
			isa = PBXGroup;
			children = (
				A71B5B8E28D6F0BB008C0413 /* secondHackwhichTwoTests.swift */,
				A71B5B9028D6F0BB008C0413 /* Info.plist */,
			);
			path = secondHackwhichTwoTests;
			sourceTree = "<group>";
		};
		A71B5B9828D6F0BB008C0413 /* secondHackwhichTwoUITests */ = {
			isa = PBXGroup;
			children = (
				A71B5B9928D6F0BB008C0413 /* secondHackwhichTwoUITests.swift */,
				A71B5B9B28D6F0BB008C0413 /* Info.plist */,
			);
			path = secondHackwhichTwoUITests;
			sourceTree = "<group>";
		};
/* End PBXGroup section */

/* Begin PBXNativeTarget section */
		A71B5B7328D6F0B9008C0413 /* secondHackwhichTwo */ = {
			isa = PBXNativeTarget;
			buildConfigurationList = A71B5B9E28D6F0BB008C0413 /* Build configuration list for PBXNativeTarget "secondHackwhichTwo" */;
			buildPhases = (
				A71B5B7028D6F0B9008C0413 /* Sources */,
				A71B5B7128D6F0B9008C0413 /* Frameworks */,
				A71B5B7228D6F0B9008C0413 /* Resources */,
			);
			buildRules = (
			);
			dependencies = (
			);
			name = secondHackwhichTwo;
			productName = secondHackwhichTwo;
			productReference = A71B5B7428D6F0B9008C0413 /* secondHackwhichTwo.app */;
			productType = "com.apple.product-type.application";
		};
		A71B5B8928D6F0BB008C0413 /* secondHackwhichTwoTests */ = {
			isa = PBXNativeTarget;
			buildConfigurationList = A71B5BA128D6F0BB008C0413 /* Build configuration list for PBXNativeTarget "secondHackwhichTwoTests" */;
			buildPhases = (
				A71B5B8628D6F0BB008C0413 /* Sources */,
				A71B5B8728D6F0BB008C0413 /* Frameworks */,
				A71B5B8828D6F0BB008C0413 /* Resources */,
			);
			buildRules = (
			);
			dependencies = (
				A71B5B8C28D6F0BB008C0413 /* PBXTargetDependency */,
			);
			name = secondHackwhichTwoTests;
			productName = secondHackwhichTwoTests;
			productReference = A71B5B8A28D6F0BB008C0413 /* secondHackwhichTwoTests.xctest */;
			productType = "com.apple.product-type.bundle.unit-test";
		};
		A71B5B9428D6F0BB008C0413 /* secondHackwhichTwoUITests */ = {
			isa = PBXNativeTarget;
			buildConfigurationList = A71B5BA428D6F0BB008C0413 /* Build configuration list for PBXNativeTarget "secondHackwhichTwoUITests" */;
			buildPhases = (
				A71B5B9128D6F0BB008C0413 /* Sources */,
				A71B5B9228D6F0BB008C0413 /* Frameworks */,
				A71B5B9328D6F0BB008C0413 /* Resources */,
			);
			buildRules = (
			);
			dependencies = (
				A71B5B9728D6F0BB008C0413 /* PBXTargetDependency */,
			);
			name = secondHackwhichTwoUITests;
			productName = secondHackwhichTwoUITests;
			productReference = A71B5B9528D6F0BB008C0413 /* secondHackwhichTwoUITests.xctest */;
			productType = "com.apple.product-type.bundle.ui-testing";
		};
/* End PBXNativeTarget section */

/* Begin PBXProject section */
		A71B5B6C28D6F0B9008C0413 /* Project object */ = {
			isa = PBXProject;
			attributes = {
				LastSwiftUpdateCheck = 1130;
				LastUpgradeCheck = 1130;
				ORGANIZATIONNAME = "Mehran Hashemi";
				TargetAttributes = {
					A71B5B7328D6F0B9008C0413 = {
						CreatedOnToolsVersion = 11.3.1;
					};
					A71B5B8928D6F0BB008C0413 = {
						CreatedOnToolsVersion = 11.3.1;
						TestTargetID = A71B5B7328D6F0B9008C0413;
					};
					A71B5B9428D6F0BB008C0413 = {
						CreatedOnToolsVersion = 11.3.1;
						TestTargetID = A71B5B7328D6F0B9008C0413;
					};
				};
			};
			buildConfigurationList = A71B5B6F28D6F0B9008C0413 /* Build configuration list for PBXProject "secondHackwhichTwo" */;
			compatibilityVersion = "Xcode 9.3";
			developmentRegion = en;
			hasScannedForEncodings = 0;
			knownRegions = (
				en,
				Base,
			);
			mainGroup = A71B5B6B28D6F0B9008C0413;
			productRefGroup = A71B5B7528D6F0B9008C0413 /* Products */;
			projectDirPath = "";
			projectRoot = "";
			targets = (
				A71B5B7328D6F0B9008C0413 /* secondHackwhichTwo */,
				A71B5B8928D6F0BB008C0413 /* secondHackwhichTwoTests */,
				A71B5B9428D6F0BB008C0413 /* secondHackwhichTwoUITests */,
			);
		};
/* End PBXProject section */

/* Begin PBXResourcesBuildPhase section */
		A71B5B7228D6F0B9008C0413 /* Resources */ = {
			isa = PBXResourcesBuildPhase;
			buildActionMask = 2147483647;
			files = (
				A71B5B8428D6F0BB008C0413 /* LaunchScreen.storyboard in Resources */,
				A71B5B8128D6F0BB008C0413 /* Assets.xcassets in Resources */,
				A71B5B7F28D6F0B9008C0413 /* Main.storyboard in Resources */,
			);
			runOnlyForDeploymentPostprocessing = 0;
		};
		A71B5B8828D6F0BB008C0413 /* Resources */ = {
			isa = PBXResourcesBuildPhase;
			buildActionMask = 2147483647;
			files = (
			);
			runOnlyForDeploymentPostprocessing = 0;
		};
		A71B5B9328D6F0BB008C0413 /* Resources */ = {
			isa = PBXResourcesBuildPhase;
			buildActionMask = 2147483647;
			files = (
			);
			runOnlyForDeploymentPostprocessing = 0;
		};
/* End PBXResourcesBuildPhase section */

/* Begin PBXSourcesBuildPhase section */
		A71B5B7028D6F0B9008C0413 /* Sources */ = {
			isa = PBXSourcesBuildPhase;
			buildActionMask = 2147483647;
			files = (
				A71B5B7C28D6F0B9008C0413 /* ViewController.swift in Sources */,
				A71B5B7828D6F0B9008C0413 /* AppDelegate.swift in Sources */,
				A71B5B7A28D6F0B9008C0413 /* SceneDelegate.swift in Sources */,
			);
			runOnlyForDeploymentPostprocessing = 0;
		};
		A71B5B8628D6F0BB008C0413 /* Sources */ = {
			isa = PBXSourcesBuildPhase;
			buildActionMask = 2147483647;
			files = (
				A71B5B8F28D6F0BB008C0413 /* secondHackwhichTwoTests.swift in Sources */,
			);
			runOnlyForDeploymentPostprocessing = 0;
		};
		A71B5B9128D6F0BB008C0413 /* Sources */ = {
			isa = PBXSourcesBuildPhase;
			buildActionMask = 2147483647;
			files = (
				A71B5B9A28D6F0BB008C0413 /* secondHackwhichTwoUITests.swift in Sources */,
			);
			runOnlyForDeploymentPostprocessing = 0;
		};
/* End PBXSourcesBuildPhase section */

/* Begin PBXTargetDependency section */
		A71B5B8C28D6F0BB008C0413 /* PBXTargetDependency */ = {
			isa = PBXTargetDependency;
			target = A71B5B7328D6F0B9008C0413 /* secondHackwhichTwo */;
			targetProxy = A71B5B8B28D6F0BB008C0413 /* PBXContainerItemProxy */;
		};
		A71B5B9728D6F0BB008C0413 /* PBXTargetDependency */ = {
			isa = PBXTargetDependency;
			target = A71B5B7328D6F0B9008C0413 /* secondHackwhichTwo */;
			targetProxy = A71B5B9628D6F0BB008C0413 /* PBXContainerItemProxy */;
		};
/* End PBXTargetDependency section */

/* Begin PBXVariantGroup section */
		A71B5B7D28D6F0B9008C0413 /* Main.storyboard */ = {
			isa = PBXVariantGroup;
			children = (
				A71B5B7E28D6F0B9008C0413 /* Base */,
			);
			name = Main.storyboard;
			sourceTree = "<group>";
		};
		A71B5B8228D6F0BB008C0413 /* LaunchScreen.storyboard */ = {
			isa = PBXVariantGroup;
			children = (
				A71B5B8328D6F0BB008C0413 /* Base */,
			);
			name = LaunchScreen.storyboard;
			sourceTree = "<group>";
		};
/* End PBXVariantGroup section */

/* Begin XCBuildConfiguration section */
		A71B5B9C28D6F0BB008C0413 /* Debug */ = {
			isa = XCBuildConfiguration;
			buildSettings = {
				ALWAYS_SEARCH_USER_PATHS = NO;
				CLANG_ANALYZER_NONNULL = YES;
				CLANG_ANALYZER_NUMBER_OBJECT_CONVERSION = YES_AGGRESSIVE;
				CLANG_CXX_LANGUAGE_STANDARD = "gnu++14";
				CLANG_CXX_LIBRARY = "libc++";
				CLANG_ENABLE_MODULES = YES;
				CLANG_ENABLE_OBJC_ARC = YES;
				CLANG_ENABLE_OBJC_WEAK = YES;
				CLANG_WARN_BLOCK_CAPTURE_AUTORELEASING = YES;
				CLANG_WARN_BOOL_CONVERSION = YES;
				CLANG_WARN_COMMA = YES;
				CLANG_WARN_CONSTANT_CONVERSION = YES;
				CLANG_WARN_DEPRECATED_OBJC_IMPLEMENTATIONS = YES;
				CLANG_WARN_DIRECT_OBJC_ISA_USAGE = YES_ERROR;
				CLANG_WARN_DOCUMENTATION_COMMENTS = YES;
				CLANG_WARN_EMPTY_BODY = YES;
				CLANG_WARN_ENUM_CONVERSION = YES;
				CLANG_WARN_INFINITE_RECURSION = YES;
				CLANG_WARN_INT_CONVERSION = YES;
				CLANG_WARN_NON_LITERAL_NULL_CONVERSION = YES;
				CLANG_WARN_OBJC_IMPLICIT_RETAIN_SELF = YES;
				CLANG_WARN_OBJC_LITERAL_CONVERSION = YES;
				CLANG_WARN_OBJC_ROOT_CLASS = YES_ERROR;
				CLANG_WARN_RANGE_LOOP_ANALYSIS = YES;
				CLANG_WARN_STRICT_PROTOTYPES = YES;
				CLANG_WARN_SUSPICIOUS_MOVE = YES;
				CLANG_WARN_UNGUARDED_AVAILABILITY = YES_AGGRESSIVE;
				CLANG_WARN_UNREACHABLE_CODE = YES;
				CLANG_WARN__DUPLICATE_METHOD_MATCH = YES;
				COPY_PHASE_STRIP = NO;
				DEBUG_INFORMATION_FORMAT = dwarf;
				ENABLE_STRICT_OBJC_MSGSEND = YES;
				ENABLE_TESTABILITY = YES;
				GCC_C_LANGUAGE_STANDARD = gnu11;
				GCC_DYNAMIC_NO_PIC = NO;
				GCC_NO_COMMON_BLOCKS = YES;
				GCC_OPTIMIZATION_LEVEL = 0;
				GCC_PREPROCESSOR_DEFINITIONS = (
					"DEBUG=1",
					"$(inherited)",
				);
				GCC_WARN_64_TO_32_BIT_CONVERSION = YES;
				GCC_WARN_ABOUT_RETURN_TYPE = YES_ERROR;
				GCC_WARN_UNDECLARED_SELECTOR = YES;
				GCC_WARN_UNINITIALIZED_AUTOS = YES_AGGRESSIVE;
				GCC_WARN_UNUSED_FUNCTION = YES;
				GCC_WARN_UNUSED_VARIABLE = YES;
				IPHONEOS_DEPLOYMENT_TARGET = 13.2;
				MTL_ENABLE_DEBUG_INFO = INCLUDE_SOURCE;
				MTL_FAST_MATH = YES;
				ONLY_ACTIVE_ARCH = YES;
				SDKROOT = iphoneos;
				SWIFT_ACTIVE_COMPILATION_CONDITIONS = DEBUG;
				SWIFT_OPTIMIZATION_LEVEL = "-Onone";
			};
			name = Debug;
		};
		A71B5B9D28D6F0BB008C0413 /* Release */ = {
			isa = XCBuildConfiguration;
			buildSettings = {
				ALWAYS_SEARCH_USER_PATHS = NO;
				CLANG_ANALYZER_NONNULL = YES;
				CLANG_ANALYZER_NUMBER_OBJECT_CONVERSION = YES_AGGRESSIVE;
				CLANG_CXX_LANGUAGE_STANDARD = "gnu++14";
				CLANG_CXX_LIBRARY = "libc++";
				CLANG_ENABLE_MODULES = YES;
				CLANG_ENABLE_OBJC_ARC = YES;
				CLANG_ENABLE_OBJC_WEAK = YES;
				CLANG_WARN_BLOCK_CAPTURE_AUTORELEASING = YES;
				CLANG_WARN_BOOL_CONVERSION = YES;
				CLANG_WARN_COMMA = YES;
				CLANG_WARN_CONSTANT_CONVERSION = YES;
				CLANG_WARN_DEPRECATED_OBJC_IMPLEMENTATIONS = YES;
				CLANG_WARN_DIRECT_OBJC_ISA_USAGE = YES_ERROR;
				CLANG_WARN_DOCUMENTATION_COMMENTS = YES;
				CLANG_WARN_EMPTY_BODY = YES;
				CLANG_WARN_ENUM_CONVERSION = YES;
				CLANG_WARN_INFINITE_RECURSION = YES;
				CLANG_WARN_INT_CONVERSION = YES;
				CLANG_WARN_NON_LITERAL_NULL_CONVERSION = YES;
				CLANG_WARN_OBJC_IMPLICIT_RETAIN_SELF = YES;
				CLANG_WARN_OBJC_LITERAL_CONVERSION = YES;
				CLANG_WARN_OBJC_ROOT_CLASS = YES_ERROR;
				CLANG_WARN_RANGE_LOOP_ANALYSIS = YES;
				CLANG_WARN_STRICT_PROTOTYPES = YES;
				CLANG_WARN_SUSPICIOUS_MOVE = YES;
				CLANG_WARN_UNGUARDED_AVAILABILITY = YES_AGGRESSIVE;
				CLANG_WARN_UNREACHABLE_CODE = YES;
				CLANG_WARN__DUPLICATE_METHOD_MATCH = YES;
				COPY_PHASE_STRIP = NO;
				DEBUG_INFORMATION_FORMAT = "dwarf-with-dsym";
				ENABLE_NS_ASSERTIONS = NO;
				ENABLE_STRICT_OBJC_MSGSEND = YES;
				GCC_C_LANGUAGE_STANDARD = gnu11;
				GCC_NO_COMMON_BLOCKS = YES;
				GCC_WARN_64_TO_32_BIT_CONVERSION = YES;
				GCC_WARN_ABOUT_RETURN_TYPE = YES_ERROR;
				GCC_WARN_UNDECLARED_SELECTOR = YES;
				GCC_WARN_UNINITIALIZED_AUTOS = YES_AGGRESSIVE;
				GCC_WARN_UNUSED_FUNCTION = YES;
				GCC_WARN_UNUSED_VARIABLE = YES;
				IPHONEOS_DEPLOYMENT_TARGET = 13.2;
				MTL_ENABLE_DEBUG_INFO = NO;
				MTL_FAST_MATH = YES;
				SDKROOT = iphoneos;
				SWIFT_COMPILATION_MODE = wholemodule;
				SWIFT_OPTIMIZATION_LEVEL = "-O";
				VALIDATE_PRODUCT = YES;
			};
			name = Release;
		};
		A71B5B9F28D6F0BB008C0413 /* Debug */ = {
			isa = XCBuildConfiguration;
			buildSettings = {
				ASSETCATALOG_COMPILER_APPICON_NAME = AppIcon;
				CODE_SIGN_STYLE = Automatic;
				DEVELOPMENT_TEAM = MK6MNCMSLW;
				INFOPLIST_FILE = secondHackwhichTwo/Info.plist;
				LD_RUNPATH_SEARCH_PATHS = (
					"$(inherited)",
					"@executable_path/Frameworks",
				);
				PRODUCT_BUNDLE_IDENTIFIER = UHWO.secondHackwhichTwo;
				PRODUCT_NAME = "$(TARGET_NAME)";
				SWIFT_VERSION = 5.0;
				TARGETED_DEVICE_FAMILY = "1,2";
			};
			name = Debug;
		};
		A71B5BA028D6F0BB008C0413 /* Release */ = {
			isa = XCBuildConfiguration;
			buildSettings = {
				ASSETCATALOG_COMPILER_APPICON_NAME = AppIcon;
				CODE_SIGN_STYLE = Automatic;
				DEVELOPMENT_TEAM = MK6MNCMSLW;
				INFOPLIST_FILE = secondHackwhichTwo/Info.plist;
				LD_RUNPATH_SEARCH_PATHS = (
					"$(inherited)",
					"@executable_path/Frameworks",
				);
				PRODUCT_BUNDLE_IDENTIFIER = UHWO.secondHackwhichTwo;
				PRODUCT_NAME = "$(TARGET_NAME)";
				SWIFT_VERSION = 5.0;
				TARGETED_DEVICE_FAMILY = "1,2";
			};
			name = Release;
		};
		A71B5BA228D6F0BB008C0413 /* Debug */ = {
			isa = XCBuildConfiguration;
			buildSettings = {
				ALWAYS_EMBED_SWIFT_STANDARD_LIBRARIES = YES;
				BUNDLE_LOADER = "$(TEST_HOST)";
				CODE_SIGN_STYLE = Automatic;
				DEVELOPMENT_TEAM = MK6MNCMSLW;
				INFOPLIST_FILE = secondHackwhichTwoTests/Info.plist;
				IPHONEOS_DEPLOYMENT_TARGET = 13.2;
				LD_RUNPATH_SEARCH_PATHS = (
					"$(inherited)",
					"@executable_path/Frameworks",
					"@loader_path/Frameworks",
				);
				PRODUCT_BUNDLE_IDENTIFIER = UHWO.secondHackwhichTwoTests;
				PRODUCT_NAME = "$(TARGET_NAME)";
				SWIFT_VERSION = 5.0;
				TARGETED_DEVICE_FAMILY = "1,2";
				TEST_HOST = "$(BUILT_PRODUCTS_DIR)/secondHackwhichTwo.app/secondHackwhichTwo";
			};
			name = Debug;
		};
		A71B5BA328D6F0BB008C0413 /* Release */ = {
			isa = XCBuildConfiguration;
			buildSettings = {
				ALWAYS_EMBED_SWIFT_STANDARD_LIBRARIES = YES;
				BUNDLE_LOADER = "$(TEST_HOST)";
				CODE_SIGN_STYLE = Automatic;
				DEVELOPMENT_TEAM = MK6MNCMSLW;
				INFOPLIST_FILE = secondHackwhichTwoTests/Info.plist;
				IPHONEOS_DEPLOYMENT_TARGET = 13.2;
				LD_RUNPATH_SEARCH_PATHS = (
					"$(inherited)",
					"@executable_path/Frameworks",
					"@loader_path/Frameworks",
				);
				PRODUCT_BUNDLE_IDENTIFIER = UHWO.secondHackwhichTwoTests;
				PRODUCT_NAME = "$(TARGET_NAME)";
				SWIFT_VERSION = 5.0;
				TARGETED_DEVICE_FAMILY = "1,2";
				TEST_HOST = "$(BUILT_PRODUCTS_DIR)/secondHackwhichTwo.app/secondHackwhichTwo";
			};
			name = Release;
		};
		A71B5BA528D6F0BB008C0413 /* Debug */ = {
			isa = XCBuildConfiguration;
			buildSettings = {
				ALWAYS_EMBED_SWIFT_STANDARD_LIBRARIES = YES;
				CODE_SIGN_STYLE = Automatic;
				DEVELOPMENT_TEAM = MK6MNCMSLW;
				INFOPLIST_FILE = secondHackwhichTwoUITests/Info.plist;
				LD_RUNPATH_SEARCH_PATHS = (
					"$(inherited)",
					"@executable_path/Frameworks",
					"@loader_path/Frameworks",
				);
				PRODUCT_BUNDLE_IDENTIFIER = UHWO.secondHackwhichTwoUITests;
				PRODUCT_NAME = "$(TARGET_NAME)";
				SWIFT_VERSION = 5.0;
				TARGETED_DEVICE_FAMILY = "1,2";
				TEST_TARGET_NAME = secondHackwhichTwo;
			};
			name = Debug;
		};
		A71B5BA628D6F0BB008C0413 /* Release */ = {
			isa = XCBuildConfiguration;
			buildSettings = {
				ALWAYS_EMBED_SWIFT_STANDARD_LIBRARIES = YES;
				CODE_SIGN_STYLE = Automatic;
				DEVELOPMENT_TEAM = MK6MNCMSLW;
				INFOPLIST_FILE = secondHackwhichTwoUITests/Info.plist;
				LD_RUNPATH_SEARCH_PATHS = (
					"$(inherited)",
					"@executable_path/Frameworks",
					"@loader_path/Frameworks",
				);
				PRODUCT_BUNDLE_IDENTIFIER = UHWO.secondHackwhichTwoUITests;
				PRODUCT_NAME = "$(TARGET_NAME)";
				SWIFT_VERSION = 5.0;
				TARGETED_DEVICE_FAMILY = "1,2";
				TEST_TARGET_NAME = secondHackwhichTwo;
			};
			name = Release;
		};
/* End XCBuildConfiguration section */

/* Begin XCConfigurationList section */
		A71B5B6F28D6F0B9008C0413 /* Build configuration list for PBXProject "secondHackwhichTwo" */ = {
			isa = XCConfigurationList;
			buildConfigurations = (
				A71B5B9C28D6F0BB008C0413 /* Debug */,
				A71B5B9D28D6F0BB008C0413 /* Release */,
			);
			defaultConfigurationIsVisible = 0;
			defaultConfigurationName = Release;
		};
		A71B5B9E28D6F0BB008C0413 /* Build configuration list for PBXNativeTarget "secondHackwhichTwo" */ = {
			isa = XCConfigurationList;
			buildConfigurations = (
				A71B5B9F28D6F0BB008C0413 /* Debug */,
				A71B5BA028D6F0BB008C0413 /* Release */,
			);
			defaultConfigurationIsVisible = 0;
			defaultConfigurationName = Release;
		};
		A71B5BA128D6F0BB008C0413 /* Build configuration list for PBXNativeTarget "secondHackwhichTwoTests" */ = {
			isa = XCConfigurationList;
			buildConfigurations = (
				A71B5BA228D6F0BB008C0413 /* Debug */,
				A71B5BA328D6F0BB008C0413 /* Release */,
			);
			defaultConfigurationIsVisible = 0;
			defaultConfigurationName = Release;
		};
		A71B5BA428D6F0BB008C0413 /* Build configuration list for PBXNativeTarget "secondHackwhichTwoUITests" */ = {
			isa = XCConfigurationList;
			buildConfigurations = (
				A71B5BA528D6F0BB008C0413 /* Debug */,
				A71B5BA628D6F0BB008C0413 /* Release */,
			);
			defaultConfigurationIsVisible = 0;
			defaultConfigurationName = Release;
		};
/* End XCConfigurationList section */
	};
	rootObject = A71B5B6C28D6F0B9008C0413 /* Project object */;
}
